
Microsoft Visual Studio Solution File, Format Version 12.00
# Visual Studio Version 17
VisualStudioVersion = 17.9.34622.214
MinimumVisualStudioVersion = 10.0.40219.1
Project("{FAE04EC0-301F-11D3-BF4B-00C04F79EFBC}") = "Calculator", "Calculator\Calculator.csproj", "{31209FBB-2E31-4E53-9B40-9D35BD5D3B9F}"
EndProject
Project("{FAE04EC0-301F-11D3-BF4B-00C04F79EFBC}") = "NumberGuess", "NumberGuess\NumberGuess.csproj", "{F78C5372-06E8-4994-883E-730075B77459}"
EndProject
Global
	GlobalSection(SolutionConfigurationPlatforms) = preSolution
		Debug|Any CPU = Debug|Any CPU
		Release|Any CPU = Release|Any CPU
	EndGlobalSection
	GlobalSection(ProjectConfigurationPlatforms) = postSolution
		{31209FBB-2E31-4E53-9B40-9D35BD5D3B9F}.Debug|Any CPU.ActiveCfg = Debug|Any CPU
		{31209FBB-2E31-4E53-9B40-9D35BD5D3B9F}.Debug|Any CPU.Build.0 = Debug|Any CPU
		{31209FBB-2E31-4E53-9B40-9D35BD5D3B9F}.Release|Any CPU.ActiveCfg = Release|Any CPU
		{31209FBB-2E31-4E53-9B40-9D35BD5D3B9F}.Release|Any CPU.Build.0 = Release|Any CPU
		{F78C5372-06E8-4994-883E-730075B77459}.Debug|Any CPU.ActiveCfg = Debug|Any CPU
		{F78C5372-06E8-4994-883E-730075B77459}.Debug|Any CPU.Build.0 = Debug|Any CPU
		{F78C5372-06E8-4994-883E-730075B77459}.Release|Any CPU.ActiveCfg = Release|Any CPU
		{F78C5372-06E8-4994-883E-730075B77459}.Release|Any CPU.Build.0 = Release|Any CPU
	EndGlobalSection
	GlobalSection(SolutionProperties) = preSolution
		HideSolutionNode = FALSE
	EndGlobalSection
	GlobalSection(ExtensibilityGlobals) = postSolution
		SolutionGuid = {4ECF001C-DB28-48DE-B230-4115B51132D3}
	EndGlobalSection
EndGlobal
